// !$*UTF8*$!
{
	archiveVersion = 1;
	classes = {
	};
	objectVersion = 55;
	objects = {

/* Begin PBXBuildFile section */
		96017C592807E5960089CE04 /* GXCalendar+GXAdd.swift in Sources */ = {isa = PBXBuildFile; fileRef = 96017C582807E5960089CE04 /* GXCalendar+GXAdd.swift */; };
		966A8C282806E27A002B09C3 /* AppDelegate.swift in Sources */ = {isa = PBXBuildFile; fileRef = 966A8C272806E27A002B09C3 /* AppDelegate.swift */; };
		966A8C2A2806E27A002B09C3 /* SceneDelegate.swift in Sources */ = {isa = PBXBuildFile; fileRef = 966A8C292806E27A002B09C3 /* SceneDelegate.swift */; };
		966A8C2C2806E27A002B09C3 /* ViewController.swift in Sources */ = {isa = PBXBuildFile; fileRef = 966A8C2B2806E27A002B09C3 /* ViewController.swift */; };
		966A8C2F2806E27A002B09C3 /* Main.storyboard in Resources */ = {isa = PBXBuildFile; fileRef = 966A8C2D2806E27A002B09C3 /* Main.storyboard */; };
		966A8C312806E27D002B09C3 /* Assets.xcassets in Resources */ = {isa = PBXBuildFile; fileRef = 966A8C302806E27D002B09C3 /* Assets.xcassets */; };
		966A8C342806E27D002B09C3 /* LaunchScreen.storyboard in Resources */ = {isa = PBXBuildFile; fileRef = 966A8C322806E27D002B09C3 /* LaunchScreen.storyboard */; };
		966A8C3F2806E27E002B09C3 /* GXCalendarSampleTests.swift in Sources */ = {isa = PBXBuildFile; fileRef = 966A8C3E2806E27E002B09C3 /* GXCalendarSampleTests.swift */; };
		966A8C492806E27E002B09C3 /* GXCalendarSampleUITests.swift in Sources */ = {isa = PBXBuildFile; fileRef = 966A8C482806E27E002B09C3 /* GXCalendarSampleUITests.swift */; };
		966A8C4B2806E27E002B09C3 /* GXCalendarSampleUITestsLaunchTests.swift in Sources */ = {isa = PBXBuildFile; fileRef = 966A8C4A2806E27E002B09C3 /* GXCalendarSampleUITestsLaunchTests.swift */; };
		966A8C5B2806E3F7002B09C3 /* GXCalendar.swift in Sources */ = {isa = PBXBuildFile; fileRef = 966A8C5A2806E3F7002B09C3 /* GXCalendar.swift */; };
		96BF08F3280995E900753C01 /* GXCalendarModel.swift in Sources */ = {isa = PBXBuildFile; fileRef = 96BF08F2280995E900753C01 /* GXCalendarModel.swift */; };
		96BF08F5280B089A00753C01 /* GXCalendarCollectionView.swift in Sources */ = {isa = PBXBuildFile; fileRef = 96BF08F4280B089A00753C01 /* GXCalendarCollectionView.swift */; };
		96BF08F9280D157800753C01 /* GXCalendarDayCell.swift in Sources */ = {isa = PBXBuildFile; fileRef = 96BF08F8280D157800753C01 /* GXCalendarDayCell.swift */; };
/* End PBXBuildFile section */

/* Begin PBXContainerItemProxy section */
		966A8C3B2806E27E002B09C3 /* PBXContainerItemProxy */ = {
			isa = PBXContainerItemProxy;
			containerPortal = 966A8C1C2806E27A002B09C3 /* Project object */;
			proxyType = 1;
			remoteGlobalIDString = 966A8C232806E27A002B09C3;
			remoteInfo = GXCalendarSample;
		};
		966A8C452806E27E002B09C3 /* PBXContainerItemProxy */ = {
			isa = PBXContainerItemProxy;
			containerPortal = 966A8C1C2806E27A002B09C3 /* Project object */;
			proxyType = 1;
			remoteGlobalIDString = 966A8C232806E27A002B09C3;
			remoteInfo = GXCalendarSample;
		};
/* End PBXContainerItemProxy section */

/* Begin PBXFileReference section */
		96017C582807E5960089CE04 /* GXCalendar+GXAdd.swift */ = {isa = PBXFileReference; lastKnownFileType = sourcecode.swift; path = "GXCalendar+GXAdd.swift"; sourceTree = "<group>"; };
		966A8C242806E27A002B09C3 /* GXCalendarSample.app */ = {isa = PBXFileReference; explicitFileType = wrapper.application; includeInIndex = 0; path = GXCalendarSample.app; sourceTree = BUILT_PRODUCTS_DIR; };
		966A8C272806E27A002B09C3 /* AppDelegate.swift */ = {isa = PBXFileReference; lastKnownFileType = sourcecode.swift; path = AppDelegate.swift; sourceTree = "<group>"; };
		966A8C292806E27A002B09C3 /* SceneDelegate.swift */ = {isa = PBXFileReference; lastKnownFileType = sourcecode.swift; path = SceneDelegate.swift; sourceTree = "<group>"; };
		966A8C2B2806E27A002B09C3 /* ViewController.swift */ = {isa = PBXFileReference; lastKnownFileType = sourcecode.swift; path = ViewController.swift; sourceTree = "<group>"; };
		966A8C2E2806E27A002B09C3 /* Base */ = {isa = PBXFileReference; lastKnownFileType = file.storyboard; name = Base; path = Base.lproj/Main.storyboard; sourceTree = "<group>"; };
		966A8C302806E27D002B09C3 /* Assets.xcassets */ = {isa = PBXFileReference; lastKnownFileType = folder.assetcatalog; path = Assets.xcassets; sourceTree = "<group>"; };
		966A8C332806E27D002B09C3 /* Base */ = {isa = PBXFileReference; lastKnownFileType = file.storyboard; name = Base; path = Base.lproj/LaunchScreen.storyboard; sourceTree = "<group>"; };
		966A8C352806E27D002B09C3 /* Info.plist */ = {isa = PBXFileReference; lastKnownFileType = text.plist.xml; path = Info.plist; sourceTree = "<group>"; };
		966A8C3A2806E27E002B09C3 /* GXCalendarSampleTests.xctest */ = {isa = PBXFileReference; explicitFileType = wrapper.cfbundle; includeInIndex = 0; path = GXCalendarSampleTests.xctest; sourceTree = BUILT_PRODUCTS_DIR; };
		966A8C3E2806E27E002B09C3 /* GXCalendarSampleTests.swift */ = {isa = PBXFileReference; lastKnownFileType = sourcecode.swift; path = GXCalendarSampleTests.swift; sourceTree = "<group>"; };
		966A8C442806E27E002B09C3 /* GXCalendarSampleUITests.xctest */ = {isa = PBXFileReference; explicitFileType = wrapper.cfbundle; includeInIndex = 0; path = GXCalendarSampleUITests.xctest; sourceTree = BUILT_PRODUCTS_DIR; };
		966A8C482806E27E002B09C3 /* GXCalendarSampleUITests.swift */ = {isa = PBXFileReference; lastKnownFileType = sourcecode.swift; path = GXCalendarSampleUITests.swift; sourceTree = "<group>"; };
		966A8C4A2806E27E002B09C3 /* GXCalendarSampleUITestsLaunchTests.swift */ = {isa = PBXFileReference; lastKnownFileType = sourcecode.swift; path = GXCalendarSampleUITestsLaunchTests.swift; sourceTree = "<group>"; };
		966A8C5A2806E3F7002B09C3 /* GXCalendar.swift */ = {isa = PBXFileReference; lastKnownFileType = sourcecode.swift; path = GXCalendar.swift; sourceTree = "<group>"; };
		96BF08F2280995E900753C01 /* GXCalendarModel.swift */ = {isa = PBXFileReference; lastKnownFileType = sourcecode.swift; path = GXCalendarModel.swift; sourceTree = "<group>"; };
		96BF08F4280B089A00753C01 /* GXCalendarCollectionView.swift */ = {isa = PBXFileReference; lastKnownFileType = sourcecode.swift; path = GXCalendarCollectionView.swift; sourceTree = "<group>"; };
		96BF08F8280D157800753C01 /* GXCalendarDayCell.swift */ = {isa = PBXFileReference; lastKnownFileType = sourcecode.swift; path = GXCalendarDayCell.swift; sourceTree = "<group>"; };
/* End PBXFileReference section */

/* Begin PBXFrameworksBuildPhase section */
		966A8C212806E27A002B09C3 /* Frameworks */ = {
			isa = PBXFrameworksBuildPhase;
			buildActionMask = 2147483647;
			files = (
			);
			runOnlyForDeploymentPostprocessing = 0;
		};
		966A8C372806E27E002B09C3 /* Frameworks */ = {
			isa = PBXFrameworksBuildPhase;
			buildActionMask = 2147483647;
			files = (
			);
			runOnlyForDeploymentPostprocessing = 0;
		};
		966A8C412806E27E002B09C3 /* Frameworks */ = {
			isa = PBXFrameworksBuildPhase;
			buildActionMask = 2147483647;
			files = (
			);
			runOnlyForDeploymentPostprocessing = 0;
		};
/* End PBXFrameworksBuildPhase section */

/* Begin PBXGroup section */
		966A8C1B2806E27A002B09C3 = {
			isa = PBXGroup;
			children = (
				966A8C262806E27A002B09C3 /* GXCalendarSample */,
				966A8C3D2806E27E002B09C3 /* GXCalendarSampleTests */,
				966A8C472806E27E002B09C3 /* GXCalendarSampleUITests */,
				966A8C252806E27A002B09C3 /* Products */,
			);
			sourceTree = "<group>";
		};
		966A8C252806E27A002B09C3 /* Products */ = {
			isa = PBXGroup;
			children = (
				966A8C242806E27A002B09C3 /* GXCalendarSample.app */,
				966A8C3A2806E27E002B09C3 /* GXCalendarSampleTests.xctest */,
				966A8C442806E27E002B09C3 /* GXCalendarSampleUITests.xctest */,
			);
			name = Products;
			sourceTree = "<group>";
		};
		966A8C262806E27A002B09C3 /* GXCalendarSample */ = {
			isa = PBXGroup;
			children = (
				966A8C592806E2AD002B09C3 /* GXCalendar */,
				966A8C272806E27A002B09C3 /* AppDelegate.swift */,
				966A8C292806E27A002B09C3 /* SceneDelegate.swift */,
				966A8C2B2806E27A002B09C3 /* ViewController.swift */,
				966A8C2D2806E27A002B09C3 /* Main.storyboard */,
				966A8C302806E27D002B09C3 /* Assets.xcassets */,
				966A8C322806E27D002B09C3 /* LaunchScreen.storyboard */,
				966A8C352806E27D002B09C3 /* Info.plist */,
			);
			path = GXCalendarSample;
			sourceTree = "<group>";
		};
		966A8C3D2806E27E002B09C3 /* GXCalendarSampleTests */ = {
			isa = PBXGroup;
			children = (
				966A8C3E2806E27E002B09C3 /* GXCalendarSampleTests.swift */,
			);
			path = GXCalendarSampleTests;
			sourceTree = "<group>";
		};
		966A8C472806E27E002B09C3 /* GXCalendarSampleUITests */ = {
			isa = PBXGroup;
			children = (
				966A8C482806E27E002B09C3 /* GXCalendarSampleUITests.swift */,
				966A8C4A2806E27E002B09C3 /* GXCalendarSampleUITestsLaunchTests.swift */,
			);
			path = GXCalendarSampleUITests;
			sourceTree = "<group>";
		};
		966A8C592806E2AD002B09C3 /* GXCalendar */ = {
			isa = PBXGroup;
			children = (
				966A8C5A2806E3F7002B09C3 /* GXCalendar.swift */,
				96017C582807E5960089CE04 /* GXCalendar+GXAdd.swift */,
				96BF08F2280995E900753C01 /* GXCalendarModel.swift */,
				96BF08F8280D157800753C01 /* GXCalendarDayCell.swift */,
				96BF08F4280B089A00753C01 /* GXCalendarCollectionView.swift */,
			);
			name = GXCalendar;
			path = ../../GXCalendar;
			sourceTree = "<group>";
		};
/* End PBXGroup section */

/* Begin PBXNativeTarget section */
		966A8C232806E27A002B09C3 /* GXCalendarSample */ = {
			isa = PBXNativeTarget;
			buildConfigurationList = 966A8C4E2806E27E002B09C3 /* Build configuration list for PBXNativeTarget "GXCalendarSample" */;
			buildPhases = (
				966A8C202806E27A002B09C3 /* Sources */,
				966A8C212806E27A002B09C3 /* Frameworks */,
				966A8C222806E27A002B09C3 /* Resources */,
			);
			buildRules = (
			);
			dependencies = (
			);
			name = GXCalendarSample;
			productName = GXCalendarSample;
			productReference = 966A8C242806E27A002B09C3 /* GXCalendarSample.app */;
			productType = "com.apple.product-type.application";
		};
		966A8C392806E27E002B09C3 /* GXCalendarSampleTests */ = {
			isa = PBXNativeTarget;
			buildConfigurationList = 966A8C512806E27E002B09C3 /* Build configuration list for PBXNativeTarget "GXCalendarSampleTests" */;
			buildPhases = (
				966A8C362806E27E002B09C3 /* Sources */,
				966A8C372806E27E002B09C3 /* Frameworks */,
				966A8C382806E27E002B09C3 /* Resources */,
			);
			buildRules = (
			);
			dependencies = (
				966A8C3C2806E27E002B09C3 /* PBXTargetDependency */,
			);
			name = GXCalendarSampleTests;
			productName = GXCalendarSampleTests;
			productReference = 966A8C3A2806E27E002B09C3 /* GXCalendarSampleTests.xctest */;
			productType = "com.apple.product-type.bundle.unit-test";
		};
		966A8C432806E27E002B09C3 /* GXCalendarSampleUITests */ = {
			isa = PBXNativeTarget;
			buildConfigurationList = 966A8C542806E27E002B09C3 /* Build configuration list for PBXNativeTarget "GXCalendarSampleUITests" */;
			buildPhases = (
				966A8C402806E27E002B09C3 /* Sources */,
				966A8C412806E27E002B09C3 /* Frameworks */,
				966A8C422806E27E002B09C3 /* Resources */,
			);
			buildRules = (
			);
			dependencies = (
				966A8C462806E27E002B09C3 /* PBXTargetDependency */,
			);
			name = GXCalendarSampleUITests;
			productName = GXCalendarSampleUITests;
			productReference = 966A8C442806E27E002B09C3 /* GXCalendarSampleUITests.xctest */;
			productType = "com.apple.product-type.bundle.ui-testing";
		};
/* End PBXNativeTarget section */

/* Begin PBXProject section */
		966A8C1C2806E27A002B09C3 /* Project object */ = {
			isa = PBXProject;
			attributes = {
				BuildIndependentTargetsInParallel = 1;
				LastSwiftUpdateCheck = 1330;
				LastUpgradeCheck = 1330;
				TargetAttributes = {
					966A8C232806E27A002B09C3 = {
						CreatedOnToolsVersion = 13.3;
					};
					966A8C392806E27E002B09C3 = {
						CreatedOnToolsVersion = 13.3;
						TestTargetID = 966A8C232806E27A002B09C3;
					};
					966A8C432806E27E002B09C3 = {
						CreatedOnToolsVersion = 13.3;
						TestTargetID = 966A8C232806E27A002B09C3;
					};
				};
			};
			buildConfigurationList = 966A8C1F2806E27A002B09C3 /* Build configuration list for PBXProject "GXCalendarSample" */;
			compatibilityVersion = "Xcode 13.0";
			developmentRegion = en;
			hasScannedForEncodings = 0;
			knownRegions = (
				en,
				Base,
			);
			mainGroup = 966A8C1B2806E27A002B09C3;
			productRefGroup = 966A8C252806E27A002B09C3 /* Products */;
			projectDirPath = "";
			projectRoot = "";
			targets = (
				966A8C232806E27A002B09C3 /* GXCalendarSample */,
				966A8C392806E27E002B09C3 /* GXCalendarSampleTests */,
				966A8C432806E27E002B09C3 /* GXCalendarSampleUITests */,
			);
		};
/* End PBXProject section */

/* Begin PBXResourcesBuildPhase section */
		966A8C222806E27A002B09C3 /* Resources */ = {
			isa = PBXResourcesBuildPhase;
			buildActionMask = 2147483647;
			files = (
				966A8C342806E27D002B09C3 /* LaunchScreen.storyboard in Resources */,
				966A8C312806E27D002B09C3 /* Assets.xcassets in Resources */,
				966A8C2F2806E27A002B09C3 /* Main.storyboard in Resources */,
			);
			runOnlyForDeploymentPostprocessing = 0;
		};
		966A8C382806E27E002B09C3 /* Resources */ = {
			isa = PBXResourcesBuildPhase;
			buildActionMask = 2147483647;
			files = (
			);
			runOnlyForDeploymentPostprocessing = 0;
		};
		966A8C422806E27E002B09C3 /* Resources */ = {
			isa = PBXResourcesBuildPhase;
			buildActionMask = 2147483647;
			files = (
			);
			runOnlyForDeploymentPostprocessing = 0;
		};
/* End PBXResourcesBuildPhase section */

/* Begin PBXSourcesBuildPhase section */
		966A8C202806E27A002B09C3 /* Sources */ = {
			isa = PBXSourcesBuildPhase;
			buildActionMask = 2147483647;
			files = (
				966A8C5B2806E3F7002B09C3 /* GXCalendar.swift in Sources */,
				96BF08F9280D157800753C01 /* GXCalendarDayCell.swift in Sources */,
				966A8C2C2806E27A002B09C3 /* ViewController.swift in Sources */,
				96BF08F3280995E900753C01 /* GXCalendarModel.swift in Sources */,
				966A8C282806E27A002B09C3 /* AppDelegate.swift in Sources */,
				966A8C2A2806E27A002B09C3 /* SceneDelegate.swift in Sources */,
				96BF08F5280B089A00753C01 /* GXCalendarCollectionView.swift in Sources */,
				96017C592807E5960089CE04 /* GXCalendar+GXAdd.swift in Sources */,
			);
			runOnlyForDeploymentPostprocessing = 0;
		};
		966A8C362806E27E002B09C3 /* Sources */ = {
			isa = PBXSourcesBuildPhase;
			buildActionMask = 2147483647;
			files = (
				966A8C3F2806E27E002B09C3 /* GXCalendarSampleTests.swift in Sources */,
			);
			runOnlyForDeploymentPostprocessing = 0;
		};
		966A8C402806E27E002B09C3 /* Sources */ = {
			isa = PBXSourcesBuildPhase;
			buildActionMask = 2147483647;
			files = (
				966A8C492806E27E002B09C3 /* GXCalendarSampleUITests.swift in Sources */,
				966A8C4B2806E27E002B09C3 /* GXCalendarSampleUITestsLaunchTests.swift in Sources */,
			);
			runOnlyForDeploymentPostprocessing = 0;
		};
/* End PBXSourcesBuildPhase section */

/* Begin PBXTargetDependency section */
		966A8C3C2806E27E002B09C3 /* PBXTargetDependency */ = {
			isa = PBXTargetDependency;
			target = 966A8C232806E27A002B09C3 /* GXCalendarSample */;
			targetProxy = 966A8C3B2806E27E002B09C3 /* PBXContainerItemProxy */;
		};
		966A8C462806E27E002B09C3 /* PBXTargetDependency */ = {
			isa = PBXTargetDependency;
			target = 966A8C232806E27A002B09C3 /* GXCalendarSample */;
			targetProxy = 966A8C452806E27E002B09C3 /* PBXContainerItemProxy */;
		};
/* End PBXTargetDependency section */

/* Begin PBXVariantGroup section */
		966A8C2D2806E27A002B09C3 /* Main.storyboard */ = {
			isa = PBXVariantGroup;
			children = (
				966A8C2E2806E27A002B09C3 /* Base */,
			);
			name = Main.storyboard;
			sourceTree = "<group>";
		};
		966A8C322806E27D002B09C3 /* LaunchScreen.storyboard */ = {
			isa = PBXVariantGroup;
			children = (
				966A8C332806E27D002B09C3 /* Base */,
			);
			name = LaunchScreen.storyboard;
			sourceTree = "<group>";
		};
/* End PBXVariantGroup section */

/* Begin XCBuildConfiguration section */
		966A8C4C2806E27E002B09C3 /* Debug */ = {
			isa = XCBuildConfiguration;
			buildSettings = {
				ALWAYS_SEARCH_USER_PATHS = NO;
				CLANG_ANALYZER_NONNULL = YES;
				CLANG_ANALYZER_NUMBER_OBJECT_CONVERSION = YES_AGGRESSIVE;
				CLANG_CXX_LANGUAGE_STANDARD = "gnu++17";
				CLANG_ENABLE_MODULES = YES;
				CLANG_ENABLE_OBJC_ARC = YES;
				CLANG_ENABLE_OBJC_WEAK = YES;
				CLANG_WARN_BLOCK_CAPTURE_AUTORELEASING = YES;
				CLANG_WARN_BOOL_CONVERSION = YES;
				CLANG_WARN_COMMA = YES;
				CLANG_WARN_CONSTANT_CONVERSION = YES;
				CLANG_WARN_DEPRECATED_OBJC_IMPLEMENTATIONS = YES;
				CLANG_WARN_DIRECT_OBJC_ISA_USAGE = YES_ERROR;
				CLANG_WARN_DOCUMENTATION_COMMENTS = YES;
				CLANG_WARN_EMPTY_BODY = YES;
				CLANG_WARN_ENUM_CONVERSION = YES;
				CLANG_WARN_INFINITE_RECURSION = YES;
				CLANG_WARN_INT_CONVERSION = YES;
				CLANG_WARN_NON_LITERAL_NULL_CONVERSION = YES;
				CLANG_WARN_OBJC_IMPLICIT_RETAIN_SELF = YES;
				CLANG_WARN_OBJC_LITERAL_CONVERSION = YES;
				CLANG_WARN_OBJC_ROOT_CLASS = YES_ERROR;
				CLANG_WARN_QUOTED_INCLUDE_IN_FRAMEWORK_HEADER = YES;
				CLANG_WARN_RANGE_LOOP_ANALYSIS = YES;
				CLANG_WARN_STRICT_PROTOTYPES = YES;
				CLANG_WARN_SUSPICIOUS_MOVE = YES;
				CLANG_WARN_UNGUARDED_AVAILABILITY = YES_AGGRESSIVE;
				CLANG_WARN_UNREACHABLE_CODE = YES;
				CLANG_WARN__DUPLICATE_METHOD_MATCH = YES;
				COPY_PHASE_STRIP = NO;
				DEBUG_INFORMATION_FORMAT = dwarf;
				ENABLE_STRICT_OBJC_MSGSEND = YES;
				ENABLE_TESTABILITY = YES;
				GCC_C_LANGUAGE_STANDARD = gnu11;
				GCC_DYNAMIC_NO_PIC = NO;
				GCC_NO_COMMON_BLOCKS = YES;
				GCC_OPTIMIZATION_LEVEL = 0;
				GCC_PREPROCESSOR_DEFINITIONS = (
					"DEBUG=1",
					"$(inherited)",
				);
				GCC_WARN_64_TO_32_BIT_CONVERSION = YES;
				GCC_WARN_ABOUT_RETURN_TYPE = YES_ERROR;
				GCC_WARN_UNDECLARED_SELECTOR = YES;
				GCC_WARN_UNINITIALIZED_AUTOS = YES_AGGRESSIVE;
				GCC_WARN_UNUSED_FUNCTION = YES;
				GCC_WARN_UNUSED_VARIABLE = YES;
				IPHONEOS_DEPLOYMENT_TARGET = 15.4;
				MTL_ENABLE_DEBUG_INFO = INCLUDE_SOURCE;
				MTL_FAST_MATH = YES;
				ONLY_ACTIVE_ARCH = YES;
				SDKROOT = iphoneos;
				SWIFT_ACTIVE_COMPILATION_CONDITIONS = DEBUG;
				SWIFT_OPTIMIZATION_LEVEL = "-Onone";
			};
			name = Debug;
		};
		966A8C4D2806E27E002B09C3 /* Release */ = {
			isa = XCBuildConfiguration;
			buildSettings = {
				ALWAYS_SEARCH_USER_PATHS = NO;
				CLANG_ANALYZER_NONNULL = YES;
				CLANG_ANALYZER_NUMBER_OBJECT_CONVERSION = YES_AGGRESSIVE;
				CLANG_CXX_LANGUAGE_STANDARD = "gnu++17";
				CLANG_ENABLE_MODULES = YES;
				CLANG_ENABLE_OBJC_ARC = YES;
				CLANG_ENABLE_OBJC_WEAK = YES;
				CLANG_WARN_BLOCK_CAPTURE_AUTORELEASING = YES;
				CLANG_WARN_BOOL_CONVERSION = YES;
				CLANG_WARN_COMMA = YES;
				CLANG_WARN_CONSTANT_CONVERSION = YES;
				CLANG_WARN_DEPRECATED_OBJC_IMPLEMENTATIONS = YES;
				CLANG_WARN_DIRECT_OBJC_ISA_USAGE = YES_ERROR;
				CLANG_WARN_DOCUMENTATION_COMMENTS = YES;
				CLANG_WARN_EMPTY_BODY = YES;
				CLANG_WARN_ENUM_CONVERSION = YES;
				CLANG_WARN_INFINITE_RECURSION = YES;
				CLANG_WARN_INT_CONVERSION = YES;
				CLANG_WARN_NON_LITERAL_NULL_CONVERSION = YES;
				CLANG_WARN_OBJC_IMPLICIT_RETAIN_SELF = YES;
				CLANG_WARN_OBJC_LITERAL_CONVERSION = YES;
				CLANG_WARN_OBJC_ROOT_CLASS = YES_ERROR;
				CLANG_WARN_QUOTED_INCLUDE_IN_FRAMEWORK_HEADER = YES;
				CLANG_WARN_RANGE_LOOP_ANALYSIS = YES;
				CLANG_WARN_STRICT_PROTOTYPES = YES;
				CLANG_WARN_SUSPICIOUS_MOVE = YES;
				CLANG_WARN_UNGUARDED_AVAILABILITY = YES_AGGRESSIVE;
				CLANG_WARN_UNREACHABLE_CODE = YES;
				CLANG_WARN__DUPLICATE_METHOD_MATCH = YES;
				COPY_PHASE_STRIP = NO;
				DEBUG_INFORMATION_FORMAT = "dwarf-with-dsym";
				ENABLE_NS_ASSERTIONS = NO;
				ENABLE_STRICT_OBJC_MSGSEND = YES;
				GCC_C_LANGUAGE_STANDARD = gnu11;
				GCC_NO_COMMON_BLOCKS = YES;
				GCC_WARN_64_TO_32_BIT_CONVERSION = YES;
				GCC_WARN_ABOUT_RETURN_TYPE = YES_ERROR;
				GCC_WARN_UNDECLARED_SELECTOR = YES;
				GCC_WARN_UNINITIALIZED_AUTOS = YES_AGGRESSIVE;
				GCC_WARN_UNUSED_FUNCTION = YES;
				GCC_WARN_UNUSED_VARIABLE = YES;
				IPHONEOS_DEPLOYMENT_TARGET = 15.4;
				MTL_ENABLE_DEBUG_INFO = NO;
				MTL_FAST_MATH = YES;
				SDKROOT = iphoneos;
				SWIFT_COMPILATION_MODE = wholemodule;
				SWIFT_OPTIMIZATION_LEVEL = "-O";
				VALIDATE_PRODUCT = YES;
			};
			name = Release;
		};
		966A8C4F2806E27E002B09C3 /* Debug */ = {
			isa = XCBuildConfiguration;
			buildSettings = {
				ASSETCATALOG_COMPILER_APPICON_NAME = AppIcon;
				ASSETCATALOG_COMPILER_GLOBAL_ACCENT_COLOR_NAME = AccentColor;
				CODE_SIGN_STYLE = Automatic;
				CURRENT_PROJECT_VERSION = 1;
				DEVELOPMENT_TEAM = 456X827366;
				GENERATE_INFOPLIST_FILE = YES;
				INFOPLIST_FILE = GXCalendarSample/Info.plist;
				INFOPLIST_KEY_UIApplicationSupportsIndirectInputEvents = YES;
				INFOPLIST_KEY_UILaunchStoryboardName = LaunchScreen;
				INFOPLIST_KEY_UIMainStoryboardFile = Main;
				INFOPLIST_KEY_UISupportedInterfaceOrientations_iPad = "UIInterfaceOrientationPortrait UIInterfaceOrientationPortraitUpsideDown UIInterfaceOrientationLandscapeLeft UIInterfaceOrientationLandscapeRight";
				INFOPLIST_KEY_UISupportedInterfaceOrientations_iPhone = "UIInterfaceOrientationPortrait UIInterfaceOrientationLandscapeLeft UIInterfaceOrientationLandscapeRight";
				IPHONEOS_DEPLOYMENT_TARGET = 13.0;
				LD_RUNPATH_SEARCH_PATHS = (
					"$(inherited)",
					"@executable_path/Frameworks",
				);
				MARKETING_VERSION = 1.0;
				PRODUCT_BUNDLE_IDENTIFIER = com.gin.GXCalendarSample;
				PRODUCT_NAME = "$(TARGET_NAME)";
				SWIFT_EMIT_LOC_STRINGS = YES;
				SWIFT_VERSION = 5.0;
				TARGETED_DEVICE_FAMILY = "1,2";
			};
			name = Debug;
		};
		966A8C502806E27E002B09C3 /* Release */ = {
			isa = XCBuildConfiguration;
			buildSettings = {
				ASSETCATALOG_COMPILER_APPICON_NAME = AppIcon;
				ASSETCATALOG_COMPILER_GLOBAL_ACCENT_COLOR_NAME = AccentColor;
				CODE_SIGN_STYLE = Automatic;
				CURRENT_PROJECT_VERSION = 1;
				DEVELOPMENT_TEAM = 456X827366;
				GENERATE_INFOPLIST_FILE = YES;
				INFOPLIST_FILE = GXCalendarSample/Info.plist;
				INFOPLIST_KEY_UIApplicationSupportsIndirectInputEvents = YES;
				INFOPLIST_KEY_UILaunchStoryboardName = LaunchScreen;
				INFOPLIST_KEY_UIMainStoryboardFile = Main;
				INFOPLIST_KEY_UISupportedInterfaceOrientations_iPad = "UIInterfaceOrientationPortrait UIInterfaceOrientationPortraitUpsideDown UIInterfaceOrientationLandscapeLeft UIInterfaceOrientationLandscapeRight";
				INFOPLIST_KEY_UISupportedInterfaceOrientations_iPhone = "UIInterfaceOrientationPortrait UIInterfaceOrientationLandscapeLeft UIInterfaceOrientationLandscapeRight";
				IPHONEOS_DEPLOYMENT_TARGET = 13.0;
				LD_RUNPATH_SEARCH_PATHS = (
					"$(inherited)",
					"@executable_path/Frameworks",
				);
				MARKETING_VERSION = 1.0;
				PRODUCT_BUNDLE_IDENTIFIER = com.gin.GXCalendarSample;
				PRODUCT_NAME = "$(TARGET_NAME)";
				SWIFT_EMIT_LOC_STRINGS = YES;
				SWIFT_VERSION = 5.0;
				TARGETED_DEVICE_FAMILY = "1,2";
			};
			name = Release;
		};
		966A8C522806E27E002B09C3 /* Debug */ = {
			isa = XCBuildConfiguration;
			buildSettings = {
				ALWAYS_EMBED_SWIFT_STANDARD_LIBRARIES = YES;
				BUNDLE_LOADER = "$(TEST_HOST)";
				CODE_SIGN_STYLE = Automatic;
				CURRENT_PROJECT_VERSION = 1;
				DEVELOPMENT_TEAM = 456X827366;
				GENERATE_INFOPLIST_FILE = YES;
				IPHONEOS_DEPLOYMENT_TARGET = 15.4;
				MARKETING_VERSION = 1.0;
				PRODUCT_BUNDLE_IDENTIFIER = com.gin.GXCalendarSampleTests;
				PRODUCT_NAME = "$(TARGET_NAME)";
				SWIFT_EMIT_LOC_STRINGS = NO;
				SWIFT_VERSION = 5.0;
				TARGETED_DEVICE_FAMILY = "1,2";
				TEST_HOST = "$(BUILT_PRODUCTS_DIR)/GXCalendarSample.app/GXCalendarSample";
			};
			name = Debug;
		};
		966A8C532806E27E002B09C3 /* Release */ = {
			isa = XCBuildConfiguration;
			buildSettings = {
				ALWAYS_EMBED_SWIFT_STANDARD_LIBRARIES = YES;
				BUNDLE_LOADER = "$(TEST_HOST)";
				CODE_SIGN_STYLE = Automatic;
				CURRENT_PROJECT_VERSION = 1;
				DEVELOPMENT_TEAM = 456X827366;
				GENERATE_INFOPLIST_FILE = YES;
				IPHONEOS_DEPLOYMENT_TARGET = 15.4;
				MARKETING_VERSION = 1.0;
				PRODUCT_BUNDLE_IDENTIFIER = com.gin.GXCalendarSampleTests;
				PRODUCT_NAME = "$(TARGET_NAME)";
				SWIFT_EMIT_LOC_STRINGS = NO;
				SWIFT_VERSION = 5.0;
				TARGETED_DEVICE_FAMILY = "1,2";
				TEST_HOST = "$(BUILT_PRODUCTS_DIR)/GXCalendarSample.app/GXCalendarSample";
			};
			name = Release;
		};
		966A8C552806E27E002B09C3 /* Debug */ = {
			isa = XCBuildConfiguration;
			buildSettings = {
				ALWAYS_EMBED_SWIFT_STANDARD_LIBRARIES = YES;
				CODE_SIGN_STYLE = Automatic;
				CURRENT_PROJECT_VERSION = 1;
				DEVELOPMENT_TEAM = 456X827366;
				GENERATE_INFOPLIST_FILE = YES;
				MARKETING_VERSION = 1.0;
				PRODUCT_BUNDLE_IDENTIFIER = com.gin.GXCalendarSampleUITests;
				PRODUCT_NAME = "$(TARGET_NAME)";
				SWIFT_EMIT_LOC_STRINGS = NO;
				SWIFT_VERSION = 5.0;
				TARGETED_DEVICE_FAMILY = "1,2";
				TEST_TARGET_NAME = GXCalendarSample;
			};
			name = Debug;
		};
		966A8C562806E27E002B09C3 /* Release */ = {
			isa = XCBuildConfiguration;
			buildSettings = {
				ALWAYS_EMBED_SWIFT_STANDARD_LIBRARIES = YES;
				CODE_SIGN_STYLE = Automatic;
				CURRENT_PROJECT_VERSION = 1;
				DEVELOPMENT_TEAM = 456X827366;
				GENERATE_INFOPLIST_FILE = YES;
				MARKETING_VERSION = 1.0;
				PRODUCT_BUNDLE_IDENTIFIER = com.gin.GXCalendarSampleUITests;
				PRODUCT_NAME = "$(TARGET_NAME)";
				SWIFT_EMIT_LOC_STRINGS = NO;
				SWIFT_VERSION = 5.0;
				TARGETED_DEVICE_FAMILY = "1,2";
				TEST_TARGET_NAME = GXCalendarSample;
			};
			name = Release;
		};
/* End XCBuildConfiguration section */

/* Begin XCConfigurationList section */
		966A8C1F2806E27A002B09C3 /* Build configuration list for PBXProject "GXCalendarSample" */ = {
			isa = XCConfigurationList;
			buildConfigurations = (
				966A8C4C2806E27E002B09C3 /* Debug */,
				966A8C4D2806E27E002B09C3 /* Release */,
			);
			defaultConfigurationIsVisible = 0;
			defaultConfigurationName = Release;
		};
		966A8C4E2806E27E002B09C3 /* Build configuration list for PBXNativeTarget "GXCalendarSample" */ = {
			isa = XCConfigurationList;
			buildConfigurations = (
				966A8C4F2806E27E002B09C3 /* Debug */,
				966A8C502806E27E002B09C3 /* Release */,
			);
			defaultConfigurationIsVisible = 0;
			defaultConfigurationName = Release;
		};
		966A8C512806E27E002B09C3 /* Build configuration list for PBXNativeTarget "GXCalendarSampleTests" */ = {
			isa = XCConfigurationList;
			buildConfigurations = (
				966A8C522806E27E002B09C3 /* Debug */,
				966A8C532806E27E002B09C3 /* Release */,
			);
			defaultConfigurationIsVisible = 0;
			defaultConfigurationName = Release;
		};
		966A8C542806E27E002B09C3 /* Build configuration list for PBXNativeTarget "GXCalendarSampleUITests" */ = {
			isa = XCConfigurationList;
			buildConfigurations = (
				966A8C552806E27E002B09C3 /* Debug */,
				966A8C562806E27E002B09C3 /* Release */,
			);
			defaultConfigurationIsVisible = 0;
			defaultConfigurationName = Release;
		};
/* End XCConfigurationList section */
	};
	rootObject = 966A8C1C2806E27A002B09C3 /* Project object */;
}
